
Microsoft Visual Studio Solution File, Format Version 12.00
# Visual Studio 15
VisualStudioVersion = 15.0.28307.852
MinimumVisualStudioVersion = 10.0.40219.1
Project("{FAE04EC0-301F-11D3-BF4B-00C04F79EFBC}") = "PHPTravels", "PHPTravels\PHPTravels.csproj", "{86A41BEC-BB64-4F0B-B0EC-22E5AC435C10}"
EndProject
Global
	GlobalSection(SolutionConfigurationPlatforms) = preSolution
		Debug|Any CPU = Debug|Any CPU
		Release|Any CPU = Release|Any CPU
	EndGlobalSection
	GlobalSection(ProjectConfigurationPlatforms) = postSolution
		{86A41BEC-BB64-4F0B-B0EC-22E5AC435C10}.Debug|Any CPU.ActiveCfg = Debug|Any CPU
		{86A41BEC-BB64-4F0B-B0EC-22E5AC435C10}.Debug|Any CPU.Build.0 = Debug|Any CPU
		{86A41BEC-BB64-4F0B-B0EC-22E5AC435C10}.Release|Any CPU.ActiveCfg = Release|Any CPU
		{86A41BEC-BB64-4F0B-B0EC-22E5AC435C10}.Release|Any CPU.Build.0 = Release|Any CPU
	EndGlobalSection
	GlobalSection(SolutionProperties) = preSolution
		HideSolutionNode = FALSE
	EndGlobalSection
	GlobalSection(ExtensibilityGlobals) = postSolution
		SolutionGuid = {0ECCB09C-D23D-461B-BD85-A8BEA689B1CB}
	EndGlobalSection
EndGlobal
